// !$*UTF8*$!
{
	archiveVersion = 1;
	classes = {
	};
	objectVersion = 55;
	objects = {

/* Begin PBXBuildFile section */
		6DD5A13728197B7000BCE7B0 /* AppDelegate.swift in Sources */ = {isa = PBXBuildFile; fileRef = 6DD5A13628197B7000BCE7B0 /* AppDelegate.swift */; };
		6DD5A13928197B7000BCE7B0 /* SceneDelegate.swift in Sources */ = {isa = PBXBuildFile; fileRef = 6DD5A13828197B7000BCE7B0 /* SceneDelegate.swift */; };
		6DD5A13B28197B7000BCE7B0 /* ViewController.swift in Sources */ = {isa = PBXBuildFile; fileRef = 6DD5A13A28197B7000BCE7B0 /* ViewController.swift */; };
		6DD5A13E28197B7000BCE7B0 /* Main.storyboard in Resources */ = {isa = PBXBuildFile; fileRef = 6DD5A13C28197B7000BCE7B0 /* Main.storyboard */; };
		6DD5A14028197B7800BCE7B0 /* Assets.xcassets in Resources */ = {isa = PBXBuildFile; fileRef = 6DD5A13F28197B7800BCE7B0 /* Assets.xcassets */; };
		6DD5A14328197B7800BCE7B0 /* LaunchScreen.storyboard in Resources */ = {isa = PBXBuildFile; fileRef = 6DD5A14128197B7800BCE7B0 /* LaunchScreen.storyboard */; };
		6DD5A14E281982D000BCE7B0 /* Model.swift in Sources */ = {isa = PBXBuildFile; fileRef = 6DD5A14D281982D000BCE7B0 /* Model.swift */; };
		6DD5A151281A090400BCE7B0 /* MovieTableViewCell.swift in Sources */ = {isa = PBXBuildFile; fileRef = 6DD5A14F281A090300BCE7B0 /* MovieTableViewCell.swift */; };
		6DD5A152281A090400BCE7B0 /* MovieTableViewCell.xib in Resources */ = {isa = PBXBuildFile; fileRef = 6DD5A150281A090300BCE7B0 /* MovieTableViewCell.xib */; };
/* End PBXBuildFile section */

/* Begin PBXFileReference section */
		6DD5A13328197B7000BCE7B0 /* Movie Searcher.app */ = {isa = PBXFileReference; explicitFileType = wrapper.application; includeInIndex = 0; path = "Movie Searcher.app"; sourceTree = BUILT_PRODUCTS_DIR; };
		6DD5A13628197B7000BCE7B0 /* AppDelegate.swift */ = {isa = PBXFileReference; lastKnownFileType = sourcecode.swift; path = AppDelegate.swift; sourceTree = "<group>"; };
		6DD5A13828197B7000BCE7B0 /* SceneDelegate.swift */ = {isa = PBXFileReference; lastKnownFileType = sourcecode.swift; path = SceneDelegate.swift; sourceTree = "<group>"; };
		6DD5A13A28197B7000BCE7B0 /* ViewController.swift */ = {isa = PBXFileReference; lastKnownFileType = sourcecode.swift; path = ViewController.swift; sourceTree = "<group>"; };
		6DD5A13D28197B7000BCE7B0 /* Base */ = {isa = PBXFileReference; lastKnownFileType = file.storyboard; name = Base; path = Base.lproj/Main.storyboard; sourceTree = "<group>"; };
		6DD5A13F28197B7800BCE7B0 /* Assets.xcassets */ = {isa = PBXFileReference; lastKnownFileType = folder.assetcatalog; path = Assets.xcassets; sourceTree = "<group>"; };
		6DD5A14228197B7800BCE7B0 /* Base */ = {isa = PBXFileReference; lastKnownFileType = file.storyboard; name = Base; path = Base.lproj/LaunchScreen.storyboard; sourceTree = "<group>"; };
		6DD5A14428197B7800BCE7B0 /* Info.plist */ = {isa = PBXFileReference; lastKnownFileType = text.plist.xml; path = Info.plist; sourceTree = "<group>"; };
		6DD5A14D281982D000BCE7B0 /* Model.swift */ = {isa = PBXFileReference; lastKnownFileType = sourcecode.swift; path = Model.swift; sourceTree = "<group>"; };
		6DD5A14F281A090300BCE7B0 /* MovieTableViewCell.swift */ = {isa = PBXFileReference; lastKnownFileType = sourcecode.swift; path = MovieTableViewCell.swift; sourceTree = "<group>"; };
		6DD5A150281A090300BCE7B0 /* MovieTableViewCell.xib */ = {isa = PBXFileReference; lastKnownFileType = file.xib; path = MovieTableViewCell.xib; sourceTree = "<group>"; };
/* End PBXFileReference section */

/* Begin PBXFrameworksBuildPhase section */
		6DD5A13028197B7000BCE7B0 /* Frameworks */ = {
			isa = PBXFrameworksBuildPhase;
			buildActionMask = 2147483647;
			files = (
			);
			runOnlyForDeploymentPostprocessing = 0;
		};
/* End PBXFrameworksBuildPhase section */

/* Begin PBXGroup section */
		6DA36AED284FDF90006D2D80 /* Other */ = {
			isa = PBXGroup;
			children = (
				6DD5A13628197B7000BCE7B0 /* AppDelegate.swift */,
				6DD5A13828197B7000BCE7B0 /* SceneDelegate.swift */,
				6DD5A13F28197B7800BCE7B0 /* Assets.xcassets */,
			);
			path = Other;
			sourceTree = "<group>";
		};
		6DD5A12A28197B7000BCE7B0 = {
			isa = PBXGroup;
			children = (
				6DD5A13528197B7000BCE7B0 /* Movie Searcher */,
				6DD5A13428197B7000BCE7B0 /* Products */,
			);
			sourceTree = "<group>";
		};
		6DD5A13428197B7000BCE7B0 /* Products */ = {
			isa = PBXGroup;
			children = (
				6DD5A13328197B7000BCE7B0 /* Movie Searcher.app */,
			);
			name = Products;
			sourceTree = "<group>";
		};
		6DD5A13528197B7000BCE7B0 /* Movie Searcher */ = {
			isa = PBXGroup;
			children = (
				6DD5A14C2819828C00BCE7B0 /* Model */,
				6DD5A14B2819828000BCE7B0 /* View */,
				6DD5A14A2819826E00BCE7B0 /* Controller */,
				6DA36AED284FDF90006D2D80 /* Other */,
				6DD5A14428197B7800BCE7B0 /* Info.plist */,
			);
			path = "Movie Searcher";
			sourceTree = "<group>";
		};
		6DD5A14A2819826E00BCE7B0 /* Controller */ = {
			isa = PBXGroup;
			children = (
				6DD5A13A28197B7000BCE7B0 /* ViewController.swift */,
			);
			path = Controller;
			sourceTree = "<group>";
		};
		6DD5A14B2819828000BCE7B0 /* View */ = {
			isa = PBXGroup;
			children = (
				6DD5A13C28197B7000BCE7B0 /* Main.storyboard */,
				6DD5A14128197B7800BCE7B0 /* LaunchScreen.storyboard */,
				6DD5A14F281A090300BCE7B0 /* MovieTableViewCell.swift */,
				6DD5A150281A090300BCE7B0 /* MovieTableViewCell.xib */,
			);
			path = View;
			sourceTree = "<group>";
		};
		6DD5A14C2819828C00BCE7B0 /* Model */ = {
			isa = PBXGroup;
			children = (
				6DD5A14D281982D000BCE7B0 /* Model.swift */,
			);
			path = Model;
			sourceTree = "<group>";
		};
/* End PBXGroup section */

/* Begin PBXNativeTarget section */
		6DD5A13228197B7000BCE7B0 /* Movie Searcher */ = {
			isa = PBXNativeTarget;
			buildConfigurationList = 6DD5A14728197B7800BCE7B0 /* Build configuration list for PBXNativeTarget "Movie Searcher" */;
			buildPhases = (
				6DD5A12F28197B7000BCE7B0 /* Sources */,
				6DD5A13028197B7000BCE7B0 /* Frameworks */,
				6DD5A13128197B7000BCE7B0 /* Resources */,
			);
			buildRules = (
			);
			dependencies = (
			);
			name = "Movie Searcher";
			productName = "Movie Searcher";
			productReference = 6DD5A13328197B7000BCE7B0 /* Movie Searcher.app */;
			productType = "com.apple.product-type.application";
		};
/* End PBXNativeTarget section */

/* Begin PBXProject section */
		6DD5A12B28197B7000BCE7B0 /* Project object */ = {
			isa = PBXProject;
			attributes = {
				BuildIndependentTargetsInParallel = 1;
				LastSwiftUpdateCheck = 1300;
				LastUpgradeCheck = 1300;
				TargetAttributes = {
					6DD5A13228197B7000BCE7B0 = {
						CreatedOnToolsVersion = 13.0;
					};
				};
			};
			buildConfigurationList = 6DD5A12E28197B7000BCE7B0 /* Build configuration list for PBXProject "Movie Searcher" */;
			compatibilityVersion = "Xcode 13.0";
			developmentRegion = en;
			hasScannedForEncodings = 0;
			knownRegions = (
				en,
				Base,
			);
			mainGroup = 6DD5A12A28197B7000BCE7B0;
			productRefGroup = 6DD5A13428197B7000BCE7B0 /* Products */;
			projectDirPath = "";
			projectRoot = "";
			targets = (
				6DD5A13228197B7000BCE7B0 /* Movie Searcher */,
			);
		};
/* End PBXProject section */

/* Begin PBXResourcesBuildPhase section */
		6DD5A13128197B7000BCE7B0 /* Resources */ = {
			isa = PBXResourcesBuildPhase;
			buildActionMask = 2147483647;
			files = (
				6DD5A14328197B7800BCE7B0 /* LaunchScreen.storyboard in Resources */,
				6DD5A152281A090400BCE7B0 /* MovieTableViewCell.xib in Resources */,
				6DD5A14028197B7800BCE7B0 /* Assets.xcassets in Resources */,
				6DD5A13E28197B7000BCE7B0 /* Main.storyboard in Resources */,
			);
			runOnlyForDeploymentPostprocessing = 0;
		};
/* End PBXResourcesBuildPhase section */

/* Begin PBXSourcesBuildPhase section */
		6DD5A12F28197B7000BCE7B0 /* Sources */ = {
			isa = PBXSourcesBuildPhase;
			buildActionMask = 2147483647;
			files = (
				6DD5A151281A090400BCE7B0 /* MovieTableViewCell.swift in Sources */,
				6DD5A13B28197B7000BCE7B0 /* ViewController.swift in Sources */,
				6DD5A13728197B7000BCE7B0 /* AppDelegate.swift in Sources */,
				6DD5A13928197B7000BCE7B0 /* SceneDelegate.swift in Sources */,
				6DD5A14E281982D000BCE7B0 /* Model.swift in Sources */,
			);
			runOnlyForDeploymentPostprocessing = 0;
		};
/* End PBXSourcesBuildPhase section */

/* Begin PBXVariantGroup section */
		6DD5A13C28197B7000BCE7B0 /* Main.storyboard */ = {
			isa = PBXVariantGroup;
			children = (
				6DD5A13D28197B7000BCE7B0 /* Base */,
			);
			name = Main.storyboard;
			sourceTree = "<group>";
		};
		6DD5A14128197B7800BCE7B0 /* LaunchScreen.storyboard */ = {
			isa = PBXVariantGroup;
			children = (
				6DD5A14228197B7800BCE7B0 /* Base */,
			);
			name = LaunchScreen.storyboard;
			sourceTree = "<group>";
		};
/* End PBXVariantGroup section */

/* Begin XCBuildConfiguration section */
		6DD5A14528197B7800BCE7B0 /* Debug */ = {
			isa = XCBuildConfiguration;
			buildSettings = {
				ALWAYS_SEARCH_USER_PATHS = NO;
				CLANG_ANALYZER_NONNULL = YES;
				CLANG_ANALYZER_NUMBER_OBJECT_CONVERSION = YES_AGGRESSIVE;
				CLANG_CXX_LANGUAGE_STANDARD = "gnu++17";
				CLANG_CXX_LIBRARY = "libc++";
				CLANG_ENABLE_MODULES = YES;
				CLANG_ENABLE_OBJC_ARC = YES;
				CLANG_ENABLE_OBJC_WEAK = YES;
				CLANG_WARN_BLOCK_CAPTURE_AUTORELEASING = YES;
				CLANG_WARN_BOOL_CONVERSION = YES;
				CLANG_WARN_COMMA = YES;
				CLANG_WARN_CONSTANT_CONVERSION = YES;
				CLANG_WARN_DEPRECATED_OBJC_IMPLEMENTATIONS = YES;
				CLANG_WARN_DIRECT_OBJC_ISA_USAGE = YES_ERROR;
				CLANG_WARN_DOCUMENTATION_COMMENTS = YES;
				CLANG_WARN_EMPTY_BODY = YES;
				CLANG_WARN_ENUM_CONVERSION = YES;
				CLANG_WARN_INFINITE_RECURSION = YES;
				CLANG_WARN_INT_CONVERSION = YES;
				CLANG_WARN_NON_LITERAL_NULL_CONVERSION = YES;
				CLANG_WARN_OBJC_IMPLICIT_RETAIN_SELF = YES;
				CLANG_WARN_OBJC_LITERAL_CONVERSION = YES;
				CLANG_WARN_OBJC_ROOT_CLASS = YES_ERROR;
				CLANG_WARN_QUOTED_INCLUDE_IN_FRAMEWORK_HEADER = YES;
				CLANG_WARN_RANGE_LOOP_ANALYSIS = YES;
				CLANG_WARN_STRICT_PROTOTYPES = YES;
				CLANG_WARN_SUSPICIOUS_MOVE = YES;
				CLANG_WARN_UNGUARDED_AVAILABILITY = YES_AGGRESSIVE;
				CLANG_WARN_UNREACHABLE_CODE = YES;
				CLANG_WARN__DUPLICATE_METHOD_MATCH = YES;
				COPY_PHASE_STRIP = NO;
				DEBUG_INFORMATION_FORMAT = dwarf;
				ENABLE_STRICT_OBJC_MSGSEND = YES;
				ENABLE_TESTABILITY = YES;
				GCC_C_LANGUAGE_STANDARD = gnu11;
				GCC_DYNAMIC_NO_PIC = NO;
				GCC_NO_COMMON_BLOCKS = YES;
				GCC_OPTIMIZATION_LEVEL = 0;
				GCC_PREPROCESSOR_DEFINITIONS = (
					"DEBUG=1",
					"$(inherited)",
				);
				GCC_WARN_64_TO_32_BIT_CONVERSION = YES;
				GCC_WARN_ABOUT_RETURN_TYPE = YES_ERROR;
				GCC_WARN_UNDECLARED_SELECTOR = YES;
				GCC_WARN_UNINITIALIZED_AUTOS = YES_AGGRESSIVE;
				GCC_WARN_UNUSED_FUNCTION = YES;
				GCC_WARN_UNUSED_VARIABLE = YES;
				IPHONEOS_DEPLOYMENT_TARGET = 15.0;
				MTL_ENABLE_DEBUG_INFO = INCLUDE_SOURCE;
				MTL_FAST_MATH = YES;
				ONLY_ACTIVE_ARCH = YES;
				SDKROOT = iphoneos;
				SWIFT_ACTIVE_COMPILATION_CONDITIONS = DEBUG;
				SWIFT_OPTIMIZATION_LEVEL = "-Onone";
			};
			name = Debug;
		};
		6DD5A14628197B7800BCE7B0 /* Release */ = {
			isa = XCBuildConfiguration;
			buildSettings = {
				ALWAYS_SEARCH_USER_PATHS = NO;
				CLANG_ANALYZER_NONNULL = YES;
				CLANG_ANALYZER_NUMBER_OBJECT_CONVERSION = YES_AGGRESSIVE;
				CLANG_CXX_LANGUAGE_STANDARD = "gnu++17";
				CLANG_CXX_LIBRARY = "libc++";
				CLANG_ENABLE_MODULES = YES;
				CLANG_ENABLE_OBJC_ARC = YES;
				CLANG_ENABLE_OBJC_WEAK = YES;
				CLANG_WARN_BLOCK_CAPTURE_AUTORELEASING = YES;
				CLANG_WARN_BOOL_CONVERSION = YES;
				CLANG_WARN_COMMA = YES;
				CLANG_WARN_CONSTANT_CONVERSION = YES;
				CLANG_WARN_DEPRECATED_OBJC_IMPLEMENTATIONS = YES;
				CLANG_WARN_DIRECT_OBJC_ISA_USAGE = YES_ERROR;
				CLANG_WARN_DOCUMENTATION_COMMENTS = YES;
				CLANG_WARN_EMPTY_BODY = YES;
				CLANG_WARN_ENUM_CONVERSION = YES;
				CLANG_WARN_INFINITE_RECURSION = YES;
				CLANG_WARN_INT_CONVERSION = YES;
				CLANG_WARN_NON_LITERAL_NULL_CONVERSION = YES;
				CLANG_WARN_OBJC_IMPLICIT_RETAIN_SELF = YES;
				CLANG_WARN_OBJC_LITERAL_CONVERSION = YES;
				CLANG_WARN_OBJC_ROOT_CLASS = YES_ERROR;
				CLANG_WARN_QUOTED_INCLUDE_IN_FRAMEWORK_HEADER = YES;
				CLANG_WARN_RANGE_LOOP_ANALYSIS = YES;
				CLANG_WARN_STRICT_PROTOTYPES = YES;
				CLANG_WARN_SUSPICIOUS_MOVE = YES;
				CLANG_WARN_UNGUARDED_AVAILABILITY = YES_AGGRESSIVE;
				CLANG_WARN_UNREACHABLE_CODE = YES;
				CLANG_WARN__DUPLICATE_METHOD_MATCH = YES;
				COPY_PHASE_STRIP = NO;
				DEBUG_INFORMATION_FORMAT = "dwarf-with-dsym";
				ENABLE_NS_ASSERTIONS = NO;
				ENABLE_STRICT_OBJC_MSGSEND = YES;
				GCC_C_LANGUAGE_STANDARD = gnu11;
				GCC_NO_COMMON_BLOCKS = YES;
				GCC_WARN_64_TO_32_BIT_CONVERSION = YES;
				GCC_WARN_ABOUT_RETURN_TYPE = YES_ERROR;
				GCC_WARN_UNDECLARED_SELECTOR = YES;
				GCC_WARN_UNINITIALIZED_AUTOS = YES_AGGRESSIVE;
				GCC_WARN_UNUSED_FUNCTION = YES;
				GCC_WARN_UNUSED_VARIABLE = YES;
				IPHONEOS_DEPLOYMENT_TARGET = 15.0;
				MTL_ENABLE_DEBUG_INFO = NO;
				MTL_FAST_MATH = YES;
				SDKROOT = iphoneos;
				SWIFT_COMPILATION_MODE = wholemodule;
				SWIFT_OPTIMIZATION_LEVEL = "-O";
				VALIDATE_PRODUCT = YES;
			};
			name = Release;
		};
		6DD5A14828197B7800BCE7B0 /* Debug */ = {
			isa = XCBuildConfiguration;
			buildSettings = {
				ASSETCATALOG_COMPILER_APPICON_NAME = AppIcon;
				ASSETCATALOG_COMPILER_GLOBAL_ACCENT_COLOR_NAME = AccentColor;
				CODE_SIGN_STYLE = Automatic;
				CURRENT_PROJECT_VERSION = 1;
				DEVELOPMENT_TEAM = JA7WM4DU9C;
				GENERATE_INFOPLIST_FILE = YES;
				INFOPLIST_FILE = "Movie Searcher/Info.plist";
				INFOPLIST_KEY_UIApplicationSupportsIndirectInputEvents = YES;
				INFOPLIST_KEY_UILaunchStoryboardName = LaunchScreen;
				INFOPLIST_KEY_UIMainStoryboardFile = Main;
				INFOPLIST_KEY_UISupportedInterfaceOrientations_iPad = "UIInterfaceOrientationPortrait UIInterfaceOrientationPortraitUpsideDown UIInterfaceOrientationLandscapeLeft UIInterfaceOrientationLandscapeRight";
				INFOPLIST_KEY_UISupportedInterfaceOrientations_iPhone = "UIInterfaceOrientationPortrait UIInterfaceOrientationLandscapeLeft UIInterfaceOrientationLandscapeRight";
				LD_RUNPATH_SEARCH_PATHS = (
					"$(inherited)",
					"@executable_path/Frameworks",
				);
				MARKETING_VERSION = 1.0;
				PRODUCT_BUNDLE_IDENTIFIER = "com.oguz2935.Movie-Searcher";
				PRODUCT_NAME = "$(TARGET_NAME)";
				SWIFT_EMIT_LOC_STRINGS = YES;
				SWIFT_VERSION = 5.0;
				TARGETED_DEVICE_FAMILY = "1,2";
			};
			name = Debug;
		};
		6DD5A14928197B7800BCE7B0 /* Release */ = {
			isa = XCBuildConfiguration;
			buildSettings = {
				ASSETCATALOG_COMPILER_APPICON_NAME = AppIcon;
				ASSETCATALOG_COMPILER_GLOBAL_ACCENT_COLOR_NAME = AccentColor;
				CODE_SIGN_STYLE = Automatic;
				CURRENT_PROJECT_VERSION = 1;
				DEVELOPMENT_TEAM = JA7WM4DU9C;
				GENERATE_INFOPLIST_FILE = YES;
				INFOPLIST_FILE = "Movie Searcher/Info.plist";
				INFOPLIST_KEY_UIApplicationSupportsIndirectInputEvents = YES;
				INFOPLIST_KEY_UILaunchStoryboardName = LaunchScreen;
				INFOPLIST_KEY_UIMainStoryboardFile = Main;
				INFOPLIST_KEY_UISupportedInterfaceOrientations_iPad = "UIInterfaceOrientationPortrait UIInterfaceOrientationPortraitUpsideDown UIInterfaceOrientationLandscapeLeft UIInterfaceOrientationLandscapeRight";
				INFOPLIST_KEY_UISupportedInterfaceOrientations_iPhone = "UIInterfaceOrientationPortrait UIInterfaceOrientationLandscapeLeft UIInterfaceOrientationLandscapeRight";
				LD_RUNPATH_SEARCH_PATHS = (
					"$(inherited)",
					"@executable_path/Frameworks",
				);
				MARKETING_VERSION = 1.0;
				PRODUCT_BUNDLE_IDENTIFIER = "com.oguz2935.Movie-Searcher";
				PRODUCT_NAME = "$(TARGET_NAME)";
				SWIFT_EMIT_LOC_STRINGS = YES;
				SWIFT_VERSION = 5.0;
				TARGETED_DEVICE_FAMILY = "1,2";
			};
			name = Release;
		};
/* End XCBuildConfiguration section */

/* Begin XCConfigurationList section */
		6DD5A12E28197B7000BCE7B0 /* Build configuration list for PBXProject "Movie Searcher" */ = {
			isa = XCConfigurationList;
			buildConfigurations = (
				6DD5A14528197B7800BCE7B0 /* Debug */,
				6DD5A14628197B7800BCE7B0 /* Release */,
			);
			defaultConfigurationIsVisible = 0;
			defaultConfigurationName = Release;
		};
		6DD5A14728197B7800BCE7B0 /* Build configuration list for PBXNativeTarget "Movie Searcher" */ = {
			isa = XCConfigurationList;
			buildConfigurations = (
				6DD5A14828197B7800BCE7B0 /* Debug */,
				6DD5A14928197B7800BCE7B0 /* Release */,
			);
			defaultConfigurationIsVisible = 0;
			defaultConfigurationName = Release;
		};
/* End XCConfigurationList section */
	};
	rootObject = 6DD5A12B28197B7000BCE7B0 /* Project object */;
}
